
Microsoft Visual Studio Solution File, Format Version 12.00
# Visual Studio 14
VisualStudioVersion = 14.0.25420.1
MinimumVisualStudioVersion = 10.0.40219.1
Project("{FAE04EC0-301F-11D3-BF4B-00C04F79EFBC}") = "OrbitSimulator", "OrbitSimulator\OrbitSimulator.csproj", "{1DA83E8C-378F-4094-B505-ED18BEBE0C0C}"
EndProject
Project("{FAE04EC0-301F-11D3-BF4B-00C04F79EFBC}") = "OrbitClassLibrary", "OrbitClassLibrary\OrbitClassLibrary.csproj", "{1243FA1F-AF44-4C95-989E-18C04CA6C176}"
EndProject
Global
	GlobalSection(SolutionConfigurationPlatforms) = preSolution
		Debug|Any CPU = Debug|Any CPU
		Release|Any CPU = Release|Any CPU
	EndGlobalSection
	GlobalSection(ProjectConfigurationPlatforms) = postSolution
		{1DA83E8C-378F-4094-B505-ED18BEBE0C0C}.Debug|Any CPU.ActiveCfg = Debug|Any CPU
		{1DA83E8C-378F-4094-B505-ED18BEBE0C0C}.Debug|Any CPU.Build.0 = Debug|Any CPU
		{1DA83E8C-378F-4094-B505-ED18BEBE0C0C}.Release|Any CPU.ActiveCfg = Release|Any CPU
		{1DA83E8C-378F-4094-B505-ED18BEBE0C0C}.Release|Any CPU.Build.0 = Release|Any CPU
		{1243FA1F-AF44-4C95-989E-18C04CA6C176}.Debug|Any CPU.ActiveCfg = Debug|Any CPU
		{1243FA1F-AF44-4C95-989E-18C04CA6C176}.Debug|Any CPU.Build.0 = Debug|Any CPU
		{1243FA1F-AF44-4C95-989E-18C04CA6C176}.Release|Any CPU.ActiveCfg = Release|Any CPU
		{1243FA1F-AF44-4C95-989E-18C04CA6C176}.Release|Any CPU.Build.0 = Release|Any CPU
	EndGlobalSection
	GlobalSection(SolutionProperties) = preSolution
		HideSolutionNode = FALSE
	EndGlobalSection
EndGlobal
